
Microsoft Visual Studio Solution File, Format Version 12.00
# Visual Studio Version 16
VisualStudioVersion = 16.0.30114.105
MinimumVisualStudioVersion = 10.0.40219.1
Project("{FAE04EC0-301F-11D3-BF4B-00C04F79EFBC}") = "hotmeals-server", "hotmeals-server\hotmeals-server.csproj", "{3816C908-A518-4FAD-83E7-8C2DAADE17B6}"
EndProject
Project("{FAE04EC0-301F-11D3-BF4B-00C04F79EFBC}") = "hotmeals-server.tests", "hotmeals-server.tests\hotmeals-server.tests.csproj", "{10A30474-ECAF-4142-9E17-29E08DC37866}"
EndProject
Global
	GlobalSection(SolutionConfigurationPlatforms) = preSolution
		Debug|Any CPU = Debug|Any CPU
		Debug|x64 = Debug|x64
		Debug|x86 = Debug|x86
		Release|Any CPU = Release|Any CPU
		Release|x64 = Release|x64
		Release|x86 = Release|x86
	EndGlobalSection
	GlobalSection(SolutionProperties) = preSolution
		HideSolutionNode = FALSE
	EndGlobalSection
	GlobalSection(ProjectConfigurationPlatforms) = postSolution
		{3816C908-A518-4FAD-83E7-8C2DAADE17B6}.Debug|Any CPU.ActiveCfg = Debug|Any CPU
		{3816C908-A518-4FAD-83E7-8C2DAADE17B6}.Debug|Any CPU.Build.0 = Debug|Any CPU
		{3816C908-A518-4FAD-83E7-8C2DAADE17B6}.Debug|x64.ActiveCfg = Debug|Any CPU
		{3816C908-A518-4FAD-83E7-8C2DAADE17B6}.Debug|x64.Build.0 = Debug|Any CPU
		{3816C908-A518-4FAD-83E7-8C2DAADE17B6}.Debug|x86.ActiveCfg = Debug|Any CPU
		{3816C908-A518-4FAD-83E7-8C2DAADE17B6}.Debug|x86.Build.0 = Debug|Any CPU
		{3816C908-A518-4FAD-83E7-8C2DAADE17B6}.Release|Any CPU.ActiveCfg = Release|Any CPU
		{3816C908-A518-4FAD-83E7-8C2DAADE17B6}.Release|Any CPU.Build.0 = Release|Any CPU
		{3816C908-A518-4FAD-83E7-8C2DAADE17B6}.Release|x64.ActiveCfg = Release|Any CPU
		{3816C908-A518-4FAD-83E7-8C2DAADE17B6}.Release|x64.Build.0 = Release|Any CPU
		{3816C908-A518-4FAD-83E7-8C2DAADE17B6}.Release|x86.ActiveCfg = Release|Any CPU
		{3816C908-A518-4FAD-83E7-8C2DAADE17B6}.Release|x86.Build.0 = Release|Any CPU
		{10A30474-ECAF-4142-9E17-29E08DC37866}.Debug|Any CPU.ActiveCfg = Debug|Any CPU
		{10A30474-ECAF-4142-9E17-29E08DC37866}.Debug|Any CPU.Build.0 = Debug|Any CPU
		{10A30474-ECAF-4142-9E17-29E08DC37866}.Debug|x64.ActiveCfg = Debug|Any CPU
		{10A30474-ECAF-4142-9E17-29E08DC37866}.Debug|x64.Build.0 = Debug|Any CPU
		{10A30474-ECAF-4142-9E17-29E08DC37866}.Debug|x86.ActiveCfg = Debug|Any CPU
		{10A30474-ECAF-4142-9E17-29E08DC37866}.Debug|x86.Build.0 = Debug|Any CPU
		{10A30474-ECAF-4142-9E17-29E08DC37866}.Release|Any CPU.ActiveCfg = Release|Any CPU
		{10A30474-ECAF-4142-9E17-29E08DC37866}.Release|Any CPU.Build.0 = Release|Any CPU
		{10A30474-ECAF-4142-9E17-29E08DC37866}.Release|x64.ActiveCfg = Release|Any CPU
		{10A30474-ECAF-4142-9E17-29E08DC37866}.Release|x64.Build.0 = Release|Any CPU
		{10A30474-ECAF-4142-9E17-29E08DC37866}.Release|x86.ActiveCfg = Release|Any CPU
		{10A30474-ECAF-4142-9E17-29E08DC37866}.Release|x86.Build.0 = Release|Any CPU
	EndGlobalSection
EndGlobal
